
Microsoft Visual Studio Solution File, Format Version 12.00
# Visual Studio Version 17
VisualStudioVersion = 17.7.34024.191
MinimumVisualStudioVersion = 10.0.40219.1
Project("{FAE04EC0-301F-11D3-BF4B-00C04F79EFBC}") = "Tiping_test", "Tiping_test\Tiping_test.csproj", "{A27746E1-6848-40D3-8369-A333771ABAFE}"
EndProject
Global
	GlobalSection(SolutionConfigurationPlatforms) = preSolution
		Debug|Any CPU = Debug|Any CPU
		Release|Any CPU = Release|Any CPU
	EndGlobalSection
	GlobalSection(ProjectConfigurationPlatforms) = postSolution
		{A27746E1-6848-40D3-8369-A333771ABAFE}.Debug|Any CPU.ActiveCfg = Debug|Any CPU
		{A27746E1-6848-40D3-8369-A333771ABAFE}.Debug|Any CPU.Build.0 = Debug|Any CPU
		{A27746E1-6848-40D3-8369-A333771ABAFE}.Release|Any CPU.ActiveCfg = Release|Any CPU
		{A27746E1-6848-40D3-8369-A333771ABAFE}.Release|Any CPU.Build.0 = Release|Any CPU
	EndGlobalSection
	GlobalSection(SolutionProperties) = preSolution
		HideSolutionNode = FALSE
	EndGlobalSection
	GlobalSection(ExtensibilityGlobals) = postSolution
		SolutionGuid = {ED36DF11-6D98-49C9-818F-007B8DB8BE94}
	EndGlobalSection
EndGlobal
